// !$*UTF8*$!
{
	archiveVersion = 1;
	classes = {
	};
	objectVersion = 50;
	objects = {

/* Begin PBXBuildFile section */
		DE089BB3224FEA37009C5E74 /* DataModel.xcdatamodeld in Sources */ = {isa = PBXBuildFile; fileRef = DE089BB1224FEA37009C5E74 /* DataModel.xcdatamodeld */; };
		DE089BB5224FEBDC009C5E74 /* DataController.swift in Sources */ = {isa = PBXBuildFile; fileRef = DE089BB4224FEBDC009C5E74 /* DataController.swift */; };
		DE3052EA225A49CE005D5535 /* AlbumModalViewController.swift in Sources */ = {isa = PBXBuildFile; fileRef = DE3052E9225A49CE005D5535 /* AlbumModalViewController.swift */; };
		DE3D34282268F9A300300009 /* PhotoCell.swift in Sources */ = {isa = PBXBuildFile; fileRef = DE3D34272268F9A300300009 /* PhotoCell.swift */; };
		DE73638322722D200004A1FE /* FlickrApi.plist in Resources */ = {isa = PBXBuildFile; fileRef = DE73638222722D200004A1FE /* FlickrApi.plist */; };
		DEB025BC22442D0A00F39A74 /* AppDelegate.swift in Sources */ = {isa = PBXBuildFile; fileRef = DEB025BB22442D0A00F39A74 /* AppDelegate.swift */; };
		DEB025C122442D0A00F39A74 /* Main.storyboard in Resources */ = {isa = PBXBuildFile; fileRef = DEB025BF22442D0A00F39A74 /* Main.storyboard */; };
		DEB025C322442D0B00F39A74 /* Assets.xcassets in Resources */ = {isa = PBXBuildFile; fileRef = DEB025C222442D0B00F39A74 /* Assets.xcassets */; };
		DEB025C622442D0B00F39A74 /* LaunchScreen.storyboard in Resources */ = {isa = PBXBuildFile; fileRef = DEB025C422442D0B00F39A74 /* LaunchScreen.storyboard */; };
		DEB025CF2244384400F39A74 /* MapViewController.swift in Sources */ = {isa = PBXBuildFile; fileRef = DEB025CE2244384400F39A74 /* MapViewController.swift */; };
		DEF0FDB6226622B300FB5E08 /* AnnotationWithObjectId.swift in Sources */ = {isa = PBXBuildFile; fileRef = DEF0FDB5226622B300FB5E08 /* AnnotationWithObjectId.swift */; };
		DEF0FDB822663A3200FB5E08 /* FlickrClient.swift in Sources */ = {isa = PBXBuildFile; fileRef = DEF0FDB722663A3200FB5E08 /* FlickrClient.swift */; };
		DEF0FDBA22663D3600FB5E08 /* FlickrApi.plist in Resources */ = {isa = PBXBuildFile; fileRef = DEF0FDB922663D3600FB5E08 /* FlickrApi.plist */; };
		DEF0FDBD2266527000FB5E08 /* Errors.swift in Sources */ = {isa = PBXBuildFile; fileRef = DEF0FDBC2266527000FB5E08 /* Errors.swift */; };
		DEF0FDBF2266552B00FB5E08 /* SearchResponse.swift in Sources */ = {isa = PBXBuildFile; fileRef = DEF0FDBE2266552B00FB5E08 /* SearchResponse.swift */; };
/* End PBXBuildFile section */

/* Begin PBXFileReference section */
		DE089BB2224FEA37009C5E74 /* DataModel.xcdatamodel */ = {isa = PBXFileReference; lastKnownFileType = wrapper.xcdatamodel; path = DataModel.xcdatamodel; sourceTree = "<group>"; };
		DE089BB4224FEBDC009C5E74 /* DataController.swift */ = {isa = PBXFileReference; lastKnownFileType = sourcecode.swift; path = DataController.swift; sourceTree = "<group>"; };
		DE3052E9225A49CE005D5535 /* AlbumModalViewController.swift */ = {isa = PBXFileReference; lastKnownFileType = sourcecode.swift; path = AlbumModalViewController.swift; sourceTree = "<group>"; };
		DE3D34272268F9A300300009 /* PhotoCell.swift */ = {isa = PBXFileReference; lastKnownFileType = sourcecode.swift; path = PhotoCell.swift; sourceTree = "<group>"; };
		DE73638222722D200004A1FE /* FlickrApi.plist */ = {isa = PBXFileReference; lastKnownFileType = text.plist.xml; path = FlickrApi.plist; sourceTree = "<group>"; };
		DEB025B822442D0A00F39A74 /* virtual-tourist.app */ = {isa = PBXFileReference; explicitFileType = wrapper.application; includeInIndex = 0; path = "virtual-tourist.app"; sourceTree = BUILT_PRODUCTS_DIR; };
		DEB025BB22442D0A00F39A74 /* AppDelegate.swift */ = {isa = PBXFileReference; lastKnownFileType = sourcecode.swift; path = AppDelegate.swift; sourceTree = "<group>"; };
		DEB025C022442D0A00F39A74 /* Base */ = {isa = PBXFileReference; lastKnownFileType = file.storyboard; name = Base; path = Base.lproj/Main.storyboard; sourceTree = "<group>"; };
		DEB025C222442D0B00F39A74 /* Assets.xcassets */ = {isa = PBXFileReference; lastKnownFileType = folder.assetcatalog; path = Assets.xcassets; sourceTree = "<group>"; };
		DEB025C522442D0B00F39A74 /* Base */ = {isa = PBXFileReference; lastKnownFileType = file.storyboard; name = Base; path = Base.lproj/LaunchScreen.storyboard; sourceTree = "<group>"; };
		DEB025C722442D0B00F39A74 /* Info.plist */ = {isa = PBXFileReference; lastKnownFileType = text.plist.xml; path = Info.plist; sourceTree = "<group>"; };
		DEB025CE2244384400F39A74 /* MapViewController.swift */ = {isa = PBXFileReference; lastKnownFileType = sourcecode.swift; path = MapViewController.swift; sourceTree = "<group>"; };
		DEF0FDB5226622B300FB5E08 /* AnnotationWithObjectId.swift */ = {isa = PBXFileReference; lastKnownFileType = sourcecode.swift; path = AnnotationWithObjectId.swift; sourceTree = "<group>"; };
		DEF0FDB722663A3200FB5E08 /* FlickrClient.swift */ = {isa = PBXFileReference; lastKnownFileType = sourcecode.swift; path = FlickrClient.swift; sourceTree = "<group>"; };
		DEF0FDB922663D3600FB5E08 /* FlickrApi.plist */ = {isa = PBXFileReference; lastKnownFileType = text.plist.xml; path = FlickrApi.plist; sourceTree = "<group>"; };
		DEF0FDBC2266527000FB5E08 /* Errors.swift */ = {isa = PBXFileReference; lastKnownFileType = sourcecode.swift; path = Errors.swift; sourceTree = "<group>"; };
		DEF0FDBE2266552B00FB5E08 /* SearchResponse.swift */ = {isa = PBXFileReference; lastKnownFileType = sourcecode.swift; path = SearchResponse.swift; sourceTree = "<group>"; };
/* End PBXFileReference section */

/* Begin PBXFrameworksBuildPhase section */
		DEB025B522442D0A00F39A74 /* Frameworks */ = {
			isa = PBXFrameworksBuildPhase;
			buildActionMask = 2147483647;
			files = (
			);
			runOnlyForDeploymentPostprocessing = 0;
		};
/* End PBXFrameworksBuildPhase section */

/* Begin PBXGroup section */
		DE089BB0224FE9C4009C5E74 /* Model */ = {
			isa = PBXGroup;
			children = (
				DE089BB1224FEA37009C5E74 /* DataModel.xcdatamodeld */,
				DE089BB4224FEBDC009C5E74 /* DataController.swift */,
				DEF0FDB5226622B300FB5E08 /* AnnotationWithObjectId.swift */,
				DEF0FDBB22663E1500FB5E08 /* Flickr */,
			);
			path = Model;
			sourceTree = "<group>";
		};
		DEB025AF22442D0A00F39A74 = {
			isa = PBXGroup;
			children = (
				DEB025BA22442D0A00F39A74 /* virtual-tourist */,
				DEB025B922442D0A00F39A74 /* Products */,
			);
			sourceTree = "<group>";
		};
		DEB025B922442D0A00F39A74 /* Products */ = {
			isa = PBXGroup;
			children = (
				DEB025B822442D0A00F39A74 /* virtual-tourist.app */,
			);
			name = Products;
			sourceTree = "<group>";
		};
		DEB025BA22442D0A00F39A74 /* virtual-tourist */ = {
			isa = PBXGroup;
			children = (
				DE089BB0224FE9C4009C5E74 /* Model */,
				DEB025D0224439A300F39A74 /* View */,
				DEB025CD2244382C00F39A74 /* Controller */,
				DEB025BB22442D0A00F39A74 /* AppDelegate.swift */,
				DEB025C722442D0B00F39A74 /* Info.plist */,
			);
			path = "virtual-tourist";
			sourceTree = "<group>";
		};
		DEB025CD2244382C00F39A74 /* Controller */ = {
			isa = PBXGroup;
			children = (
				DEB025CE2244384400F39A74 /* MapViewController.swift */,
				DE3052E9225A49CE005D5535 /* AlbumModalViewController.swift */,
			);
			path = Controller;
			sourceTree = "<group>";
		};
		DEB025D0224439A300F39A74 /* View */ = {
			isa = PBXGroup;
			children = (
				DEB025BF22442D0A00F39A74 /* Main.storyboard */,
				DEB025C422442D0B00F39A74 /* LaunchScreen.storyboard */,
				DEB025C222442D0B00F39A74 /* Assets.xcassets */,
				DE3D34272268F9A300300009 /* PhotoCell.swift */,
			);
			path = View;
			sourceTree = "<group>";
		};
		DEF0FDBB22663E1500FB5E08 /* Flickr */ = {
			isa = PBXGroup;
			children = (
				DE73638222722D200004A1FE /* FlickrApi.plist */,
				DEF0FDB722663A3200FB5E08 /* FlickrClient.swift */,
				DEF0FDBC2266527000FB5E08 /* Errors.swift */,
				DEF0FDB922663D3600FB5E08 /* FlickrApi.plist */,
				DEF0FDBE2266552B00FB5E08 /* SearchResponse.swift */,
			);
			path = Flickr;
			sourceTree = "<group>";
		};
/* End PBXGroup section */

/* Begin PBXNativeTarget section */
		DEB025B722442D0A00F39A74 /* virtual-tourist */ = {
			isa = PBXNativeTarget;
			buildConfigurationList = DEB025CA22442D0B00F39A74 /* Build configuration list for PBXNativeTarget "virtual-tourist" */;
			buildPhases = (
				DEB025B422442D0A00F39A74 /* Sources */,
				DEB025B522442D0A00F39A74 /* Frameworks */,
				DEB025B622442D0A00F39A74 /* Resources */,
			);
			buildRules = (
			);
			dependencies = (
			);
			name = "virtual-tourist";
			productName = "virtual-tourist";
			productReference = DEB025B822442D0A00F39A74 /* virtual-tourist.app */;
			productType = "com.apple.product-type.application";
		};
/* End PBXNativeTarget section */

/* Begin PBXProject section */
		DEB025B022442D0A00F39A74 /* Project object */ = {
			isa = PBXProject;
			attributes = {
				LastSwiftUpdateCheck = 1010;
				LastUpgradeCheck = 1010;
				ORGANIZATIONNAME = "Frank Mortensen";
				TargetAttributes = {
					DEB025B722442D0A00F39A74 = {
						CreatedOnToolsVersion = 10.1;
					};
				};
			};
			buildConfigurationList = DEB025B322442D0A00F39A74 /* Build configuration list for PBXProject "virtual-tourist" */;
			compatibilityVersion = "Xcode 9.3";
			developmentRegion = en;
			hasScannedForEncodings = 0;
			knownRegions = (
				en,
				Base,
			);
			mainGroup = DEB025AF22442D0A00F39A74;
			productRefGroup = DEB025B922442D0A00F39A74 /* Products */;
			projectDirPath = "";
			projectRoot = "";
			targets = (
				DEB025B722442D0A00F39A74 /* virtual-tourist */,
			);
		};
/* End PBXProject section */

/* Begin PBXResourcesBuildPhase section */
		DEB025B622442D0A00F39A74 /* Resources */ = {
			isa = PBXResourcesBuildPhase;
			buildActionMask = 2147483647;
			files = (
				DEB025C622442D0B00F39A74 /* LaunchScreen.storyboard in Resources */,
				DEF0FDBA22663D3600FB5E08 /* FlickrApi.plist in Resources */,
				DEB025C322442D0B00F39A74 /* Assets.xcassets in Resources */,
				DEB025C122442D0A00F39A74 /* Main.storyboard in Resources */,
				DE73638322722D200004A1FE /* FlickrApi.plist in Resources */,
			);
			runOnlyForDeploymentPostprocessing = 0;
		};
/* End PBXResourcesBuildPhase section */

/* Begin PBXSourcesBuildPhase section */
		DEB025B422442D0A00F39A74 /* Sources */ = {
			isa = PBXSourcesBuildPhase;
			buildActionMask = 2147483647;
			files = (
				DEF0FDB6226622B300FB5E08 /* AnnotationWithObjectId.swift in Sources */,
				DEF0FDBF2266552B00FB5E08 /* SearchResponse.swift in Sources */,
				DE3052EA225A49CE005D5535 /* AlbumModalViewController.swift in Sources */,
				DEF0FDB822663A3200FB5E08 /* FlickrClient.swift in Sources */,
				DE089BB3224FEA37009C5E74 /* DataModel.xcdatamodeld in Sources */,
				DEF0FDBD2266527000FB5E08 /* Errors.swift in Sources */,
				DE3D34282268F9A300300009 /* PhotoCell.swift in Sources */,
				DE089BB5224FEBDC009C5E74 /* DataController.swift in Sources */,
				DEB025CF2244384400F39A74 /* MapViewController.swift in Sources */,
				DEB025BC22442D0A00F39A74 /* AppDelegate.swift in Sources */,
			);
			runOnlyForDeploymentPostprocessing = 0;
		};
/* End PBXSourcesBuildPhase section */

/* Begin PBXVariantGroup section */
		DEB025BF22442D0A00F39A74 /* Main.storyboard */ = {
			isa = PBXVariantGroup;
			children = (
				DEB025C022442D0A00F39A74 /* Base */,
			);
			name = Main.storyboard;
			sourceTree = "<group>";
		};
		DEB025C422442D0B00F39A74 /* LaunchScreen.storyboard */ = {
			isa = PBXVariantGroup;
			children = (
				DEB025C522442D0B00F39A74 /* Base */,
			);
			name = LaunchScreen.storyboard;
			sourceTree = "<group>";
		};
/* End PBXVariantGroup section */

/* Begin XCBuildConfiguration section */
		DEB025C822442D0B00F39A74 /* Debug */ = {
			isa = XCBuildConfiguration;
			buildSettings = {
				ALWAYS_SEARCH_USER_PATHS = NO;
				CLANG_ANALYZER_NONNULL = YES;
				CLANG_ANALYZER_NUMBER_OBJECT_CONVERSION = YES_AGGRESSIVE;
				CLANG_CXX_LANGUAGE_STANDARD = "gnu++14";
				CLANG_CXX_LIBRARY = "libc++";
				CLANG_ENABLE_MODULES = YES;
				CLANG_ENABLE_OBJC_ARC = YES;
				CLANG_ENABLE_OBJC_WEAK = YES;
				CLANG_WARN_BLOCK_CAPTURE_AUTORELEASING = YES;
				CLANG_WARN_BOOL_CONVERSION = YES;
				CLANG_WARN_COMMA = YES;
				CLANG_WARN_CONSTANT_CONVERSION = YES;
				CLANG_WARN_DEPRECATED_OBJC_IMPLEMENTATIONS = YES;
				CLANG_WARN_DIRECT_OBJC_ISA_USAGE = YES_ERROR;
				CLANG_WARN_DOCUMENTATION_COMMENTS = YES;
				CLANG_WARN_EMPTY_BODY = YES;
				CLANG_WARN_ENUM_CONVERSION = YES;
				CLANG_WARN_INFINITE_RECURSION = YES;
				CLANG_WARN_INT_CONVERSION = YES;
				CLANG_WARN_NON_LITERAL_NULL_CONVERSION = YES;
				CLANG_WARN_OBJC_IMPLICIT_RETAIN_SELF = YES;
				CLANG_WARN_OBJC_LITERAL_CONVERSION = YES;
				CLANG_WARN_OBJC_ROOT_CLASS = YES_ERROR;
				CLANG_WARN_RANGE_LOOP_ANALYSIS = YES;
				CLANG_WARN_STRICT_PROTOTYPES = YES;
				CLANG_WARN_SUSPICIOUS_MOVE = YES;
				CLANG_WARN_UNGUARDED_AVAILABILITY = YES_AGGRESSIVE;
				CLANG_WARN_UNREACHABLE_CODE = YES;
				CLANG_WARN__DUPLICATE_METHOD_MATCH = YES;
				CODE_SIGN_IDENTITY = "iPhone Developer";
				COPY_PHASE_STRIP = NO;
				DEBUG_INFORMATION_FORMAT = dwarf;
				ENABLE_STRICT_OBJC_MSGSEND = YES;
				ENABLE_TESTABILITY = YES;
				GCC_C_LANGUAGE_STANDARD = gnu11;
				GCC_DYNAMIC_NO_PIC = NO;
				GCC_NO_COMMON_BLOCKS = YES;
				GCC_OPTIMIZATION_LEVEL = 0;
				GCC_PREPROCESSOR_DEFINITIONS = (
					"DEBUG=1",
					"$(inherited)",
				);
				GCC_WARN_64_TO_32_BIT_CONVERSION = YES;
				GCC_WARN_ABOUT_RETURN_TYPE = YES_ERROR;
				GCC_WARN_UNDECLARED_SELECTOR = YES;
				GCC_WARN_UNINITIALIZED_AUTOS = YES_AGGRESSIVE;
				GCC_WARN_UNUSED_FUNCTION = YES;
				GCC_WARN_UNUSED_VARIABLE = YES;
				IPHONEOS_DEPLOYMENT_TARGET = 12.1;
				MTL_ENABLE_DEBUG_INFO = INCLUDE_SOURCE;
				MTL_FAST_MATH = YES;
				ONLY_ACTIVE_ARCH = YES;
				SDKROOT = iphoneos;
				SWIFT_ACTIVE_COMPILATION_CONDITIONS = DEBUG;
				SWIFT_OPTIMIZATION_LEVEL = "-Onone";
			};
			name = Debug;
		};
		DEB025C922442D0B00F39A74 /* Release */ = {
			isa = XCBuildConfiguration;
			buildSettings = {
				ALWAYS_SEARCH_USER_PATHS = NO;
				CLANG_ANALYZER_NONNULL = YES;
				CLANG_ANALYZER_NUMBER_OBJECT_CONVERSION = YES_AGGRESSIVE;
				CLANG_CXX_LANGUAGE_STANDARD = "gnu++14";
				CLANG_CXX_LIBRARY = "libc++";
				CLANG_ENABLE_MODULES = YES;
				CLANG_ENABLE_OBJC_ARC = YES;
				CLANG_ENABLE_OBJC_WEAK = YES;
				CLANG_WARN_BLOCK_CAPTURE_AUTORELEASING = YES;
				CLANG_WARN_BOOL_CONVERSION = YES;
				CLANG_WARN_COMMA = YES;
				CLANG_WARN_CONSTANT_CONVERSION = YES;
				CLANG_WARN_DEPRECATED_OBJC_IMPLEMENTATIONS = YES;
				CLANG_WARN_DIRECT_OBJC_ISA_USAGE = YES_ERROR;
				CLANG_WARN_DOCUMENTATION_COMMENTS = YES;
				CLANG_WARN_EMPTY_BODY = YES;
				CLANG_WARN_ENUM_CONVERSION = YES;
				CLANG_WARN_INFINITE_RECURSION = YES;
				CLANG_WARN_INT_CONVERSION = YES;
				CLANG_WARN_NON_LITERAL_NULL_CONVERSION = YES;
				CLANG_WARN_OBJC_IMPLICIT_RETAIN_SELF = YES;
				CLANG_WARN_OBJC_LITERAL_CONVERSION = YES;
				CLANG_WARN_OBJC_ROOT_CLASS = YES_ERROR;
				CLANG_WARN_RANGE_LOOP_ANALYSIS = YES;
				CLANG_WARN_STRICT_PROTOTYPES = YES;
				CLANG_WARN_SUSPICIOUS_MOVE = YES;
				CLANG_WARN_UNGUARDED_AVAILABILITY = YES_AGGRESSIVE;
				CLANG_WARN_UNREACHABLE_CODE = YES;
				CLANG_WARN__DUPLICATE_METHOD_MATCH = YES;
				CODE_SIGN_IDENTITY = "iPhone Developer";
				COPY_PHASE_STRIP = NO;
				DEBUG_INFORMATION_FORMAT = "dwarf-with-dsym";
				ENABLE_NS_ASSERTIONS = NO;
				ENABLE_STRICT_OBJC_MSGSEND = YES;
				GCC_C_LANGUAGE_STANDARD = gnu11;
				GCC_NO_COMMON_BLOCKS = YES;
				GCC_WARN_64_TO_32_BIT_CONVERSION = YES;
				GCC_WARN_ABOUT_RETURN_TYPE = YES_ERROR;
				GCC_WARN_UNDECLARED_SELECTOR = YES;
				GCC_WARN_UNINITIALIZED_AUTOS = YES_AGGRESSIVE;
				GCC_WARN_UNUSED_FUNCTION = YES;
				GCC_WARN_UNUSED_VARIABLE = YES;
				IPHONEOS_DEPLOYMENT_TARGET = 12.1;
				MTL_ENABLE_DEBUG_INFO = NO;
				MTL_FAST_MATH = YES;
				SDKROOT = iphoneos;
				SWIFT_COMPILATION_MODE = wholemodule;
				SWIFT_OPTIMIZATION_LEVEL = "-O";
				VALIDATE_PRODUCT = YES;
			};
			name = Release;
		};
		DEB025CB22442D0B00F39A74 /* Debug */ = {
			isa = XCBuildConfiguration;
			buildSettings = {
				ASSETCATALOG_COMPILER_APPICON_NAME = AppIcon;
				CODE_SIGN_STYLE = Automatic;
				DEVELOPMENT_TEAM = NRNCDR832H;
				INFOPLIST_FILE = "virtual-tourist/Info.plist";
				LD_RUNPATH_SEARCH_PATHS = (
					"$(inherited)",
					"@executable_path/Frameworks",
				);
				PRODUCT_BUNDLE_IDENTIFIER = "im.mortensen.virtual-tourist";
				PRODUCT_NAME = "$(TARGET_NAME)";
				SWIFT_VERSION = 4.2;
				TARGETED_DEVICE_FAMILY = "1,2";
			};
			name = Debug;
		};
		DEB025CC22442D0B00F39A74 /* Release */ = {
			isa = XCBuildConfiguration;
			buildSettings = {
				ASSETCATALOG_COMPILER_APPICON_NAME = AppIcon;
				CODE_SIGN_STYLE = Automatic;
				DEVELOPMENT_TEAM = NRNCDR832H;
				INFOPLIST_FILE = "virtual-tourist/Info.plist";
				LD_RUNPATH_SEARCH_PATHS = (
					"$(inherited)",
					"@executable_path/Frameworks",
				);
				PRODUCT_BUNDLE_IDENTIFIER = "im.mortensen.virtual-tourist";
				PRODUCT_NAME = "$(TARGET_NAME)";
				SWIFT_VERSION = 4.2;
				TARGETED_DEVICE_FAMILY = "1,2";
			};
			name = Release;
		};
/* End XCBuildConfiguration section */

/* Begin XCConfigurationList section */
		DEB025B322442D0A00F39A74 /* Build configuration list for PBXProject "virtual-tourist" */ = {
			isa = XCConfigurationList;
			buildConfigurations = (
				DEB025C822442D0B00F39A74 /* Debug */,
				DEB025C922442D0B00F39A74 /* Release */,
			);
			defaultConfigurationIsVisible = 0;
			defaultConfigurationName = Release;
		};
		DEB025CA22442D0B00F39A74 /* Build configuration list for PBXNativeTarget "virtual-tourist" */ = {
			isa = XCConfigurationList;
			buildConfigurations = (
				DEB025CB22442D0B00F39A74 /* Debug */,
				DEB025CC22442D0B00F39A74 /* Release */,
			);
			defaultConfigurationIsVisible = 0;
			defaultConfigurationName = Release;
		};
/* End XCConfigurationList section */

/* Begin XCVersionGroup section */
		DE089BB1224FEA37009C5E74 /* DataModel.xcdatamodeld */ = {
			isa = XCVersionGroup;
			children = (
				DE089BB2224FEA37009C5E74 /* DataModel.xcdatamodel */,
			);
			currentVersion = DE089BB2224FEA37009C5E74 /* DataModel.xcdatamodel */;
			path = DataModel.xcdatamodeld;
			sourceTree = "<group>";
			versionGroupType = wrapper.xcdatamodel;
		};
/* End XCVersionGroup section */
	};
	rootObject = DEB025B022442D0A00F39A74 /* Project object */;
}
